
Microsoft Visual Studio Solution File, Format Version 12.00
# Visual Studio Version 16
VisualStudioVersion = 16.0.29709.97
MinimumVisualStudioVersion = 10.0.40219.1
Project("{FAE04EC0-301F-11D3-BF4B-00C04F79EFBC}") = "enteral", "enteral\enteral.csproj", "{C67C65C7-74F5-412F-B339-F55831F287DB}"
EndProject
Global
	GlobalSection(SolutionConfigurationPlatforms) = preSolution
		Debug|Any CPU = Debug|Any CPU
		Release|Any CPU = Release|Any CPU
	EndGlobalSection
	GlobalSection(ProjectConfigurationPlatforms) = postSolution
		{C67C65C7-74F5-412F-B339-F55831F287DB}.Debug|Any CPU.ActiveCfg = Debug|Any CPU
		{C67C65C7-74F5-412F-B339-F55831F287DB}.Debug|Any CPU.Build.0 = Debug|Any CPU
		{C67C65C7-74F5-412F-B339-F55831F287DB}.Release|Any CPU.ActiveCfg = Release|Any CPU
		{C67C65C7-74F5-412F-B339-F55831F287DB}.Release|Any CPU.Build.0 = Release|Any CPU
	EndGlobalSection
	GlobalSection(SolutionProperties) = preSolution
		HideSolutionNode = FALSE
	EndGlobalSection
	GlobalSection(ExtensibilityGlobals) = postSolution
		SolutionGuid = {3581C48E-AFF2-4F85-9A0E-088CE6A9D8C8}
	EndGlobalSection
EndGlobal
